
Microsoft Visual Studio Solution File, Format Version 12.00
# Visual Studio 2012
Project("{FAE04EC0-301F-11D3-BF4B-00C04F79EFBC}") = "iOSActionColorPicker", "iOSActionColorPicker\iOSActionColorPicker.csproj", "{12CF4D9D-5BBA-49C7-8A54-E9C2D4D41BCC}"
EndProject
Global
	GlobalSection(SolutionConfigurationPlatforms) = preSolution
		Debug|iPhoneSimulator = Debug|iPhoneSimulator
		Release|iPhone = Release|iPhone
		Release|iPhoneSimulator = Release|iPhoneSimulator
		Debug|iPhone = Debug|iPhone
	EndGlobalSection
	GlobalSection(ProjectConfigurationPlatforms) = postSolution
		{12CF4D9D-5BBA-49C7-8A54-E9C2D4D41BCC}.Debug|iPhoneSimulator.ActiveCfg = Debug|iPhoneSimulator
		{12CF4D9D-5BBA-49C7-8A54-E9C2D4D41BCC}.Debug|iPhoneSimulator.Build.0 = Debug|iPhoneSimulator
		{12CF4D9D-5BBA-49C7-8A54-E9C2D4D41BCC}.Release|iPhone.ActiveCfg = Release|iPhone
		{12CF4D9D-5BBA-49C7-8A54-E9C2D4D41BCC}.Release|iPhone.Build.0 = Release|iPhone
		{12CF4D9D-5BBA-49C7-8A54-E9C2D4D41BCC}.Release|iPhoneSimulator.ActiveCfg = Release|iPhoneSimulator
		{12CF4D9D-5BBA-49C7-8A54-E9C2D4D41BCC}.Release|iPhoneSimulator.Build.0 = Release|iPhoneSimulator
		{12CF4D9D-5BBA-49C7-8A54-E9C2D4D41BCC}.Debug|iPhone.ActiveCfg = Debug|iPhone
		{12CF4D9D-5BBA-49C7-8A54-E9C2D4D41BCC}.Debug|iPhone.Build.0 = Debug|iPhone
	EndGlobalSection
EndGlobal
